
Microsoft Visual Studio Solution File, Format Version 12.00
# Visual Studio Version 17
VisualStudioVersion = 17.14.36705.20 d17.14
MinimumVisualStudioVersion = 10.0.40219.1
Project("{FAE04EC0-301F-11D3-BF4B-00C04F79EFBC}") = "Bookstore_WPF_EF_ENG", "Bookstore_WPF_EF_ENG\Bookstore_WPF_EF_ENG.csproj", "{1E59921E-7B67-4375-BBB7-59512B145C34}"
EndProject
Project("{FAE04EC0-301F-11D3-BF4B-00C04F79EFBC}") = "Bookstore.Domain", "Bookstore.Domain\Bookstore.Domain.csproj", "{B5FC32F4-A344-479E-95A4-B9FDE3E7E087}"
EndProject
Project("{FAE04EC0-301F-11D3-BF4B-00C04F79EFBC}") = "Bookstore.Infrastructure", "Bookstore.Infrastructure\Bookstore.Infrastructure.csproj", "{64EDB5AE-907B-4844-87E0-15C4AEF92D76}"
EndProject
Global
	GlobalSection(SolutionConfigurationPlatforms) = preSolution
		Debug|Any CPU = Debug|Any CPU
		Release|Any CPU = Release|Any CPU
	EndGlobalSection
	GlobalSection(ProjectConfigurationPlatforms) = postSolution
		{1E59921E-7B67-4375-BBB7-59512B145C34}.Debug|Any CPU.ActiveCfg = Debug|Any CPU
		{1E59921E-7B67-4375-BBB7-59512B145C34}.Debug|Any CPU.Build.0 = Debug|Any CPU
		{1E59921E-7B67-4375-BBB7-59512B145C34}.Release|Any CPU.ActiveCfg = Release|Any CPU
		{1E59921E-7B67-4375-BBB7-59512B145C34}.Release|Any CPU.Build.0 = Release|Any CPU
		{B5FC32F4-A344-479E-95A4-B9FDE3E7E087}.Debug|Any CPU.ActiveCfg = Debug|Any CPU
		{B5FC32F4-A344-479E-95A4-B9FDE3E7E087}.Debug|Any CPU.Build.0 = Debug|Any CPU
		{B5FC32F4-A344-479E-95A4-B9FDE3E7E087}.Release|Any CPU.ActiveCfg = Release|Any CPU
		{B5FC32F4-A344-479E-95A4-B9FDE3E7E087}.Release|Any CPU.Build.0 = Release|Any CPU
		{64EDB5AE-907B-4844-87E0-15C4AEF92D76}.Debug|Any CPU.ActiveCfg = Debug|Any CPU
		{64EDB5AE-907B-4844-87E0-15C4AEF92D76}.Debug|Any CPU.Build.0 = Debug|Any CPU
		{64EDB5AE-907B-4844-87E0-15C4AEF92D76}.Release|Any CPU.ActiveCfg = Release|Any CPU
		{64EDB5AE-907B-4844-87E0-15C4AEF92D76}.Release|Any CPU.Build.0 = Release|Any CPU
	EndGlobalSection
	GlobalSection(SolutionProperties) = preSolution
		HideSolutionNode = FALSE
	EndGlobalSection
	GlobalSection(ExtensibilityGlobals) = postSolution
		SolutionGuid = {A06A3B5C-1A7D-43E5-A0C4-A71E902E335D}
	EndGlobalSection
EndGlobal
